// !$*UTF8*$!
{
	archiveVersion = 1;
	classes = {
	};
	objectVersion = 50;
	objects = {

/* Begin PBXBuildFile section */
		25F0574325C4A84900C8C855 /* AppDelegate.swift in Sources */ = {isa = PBXBuildFile; fileRef = 25F0574225C4A84900C8C855 /* AppDelegate.swift */; };
		25F0574525C4A84900C8C855 /* SceneDelegate.swift in Sources */ = {isa = PBXBuildFile; fileRef = 25F0574425C4A84900C8C855 /* SceneDelegate.swift */; };
		25F0574725C4A84900C8C855 /* ViewController.swift in Sources */ = {isa = PBXBuildFile; fileRef = 25F0574625C4A84900C8C855 /* ViewController.swift */; };
		25F0574A25C4A84900C8C855 /* Main.storyboard in Resources */ = {isa = PBXBuildFile; fileRef = 25F0574825C4A84900C8C855 /* Main.storyboard */; };
		25F0574C25C4A84B00C8C855 /* Assets.xcassets in Resources */ = {isa = PBXBuildFile; fileRef = 25F0574B25C4A84B00C8C855 /* Assets.xcassets */; };
		25F0574F25C4A84B00C8C855 /* LaunchScreen.storyboard in Resources */ = {isa = PBXBuildFile; fileRef = 25F0574D25C4A84B00C8C855 /* LaunchScreen.storyboard */; };
		25F0575A25C4A84B00C8C855 /* PreworkTests.swift in Sources */ = {isa = PBXBuildFile; fileRef = 25F0575925C4A84B00C8C855 /* PreworkTests.swift */; };
		25F0576525C4A84B00C8C855 /* PreworkUITests.swift in Sources */ = {isa = PBXBuildFile; fileRef = 25F0576425C4A84B00C8C855 /* PreworkUITests.swift */; };
/* End PBXBuildFile section */

/* Begin PBXContainerItemProxy section */
		25F0575625C4A84B00C8C855 /* PBXContainerItemProxy */ = {
			isa = PBXContainerItemProxy;
			containerPortal = 25F0573725C4A84800C8C855 /* Project object */;
			proxyType = 1;
			remoteGlobalIDString = 25F0573E25C4A84800C8C855;
			remoteInfo = Prework;
		};
		25F0576125C4A84B00C8C855 /* PBXContainerItemProxy */ = {
			isa = PBXContainerItemProxy;
			containerPortal = 25F0573725C4A84800C8C855 /* Project object */;
			proxyType = 1;
			remoteGlobalIDString = 25F0573E25C4A84800C8C855;
			remoteInfo = Prework;
		};
/* End PBXContainerItemProxy section */

/* Begin PBXFileReference section */
		25F0573F25C4A84800C8C855 /* Prework.app */ = {isa = PBXFileReference; explicitFileType = wrapper.application; includeInIndex = 0; path = Prework.app; sourceTree = BUILT_PRODUCTS_DIR; };
		25F0574225C4A84900C8C855 /* AppDelegate.swift */ = {isa = PBXFileReference; lastKnownFileType = sourcecode.swift; path = AppDelegate.swift; sourceTree = "<group>"; };
		25F0574425C4A84900C8C855 /* SceneDelegate.swift */ = {isa = PBXFileReference; lastKnownFileType = sourcecode.swift; path = SceneDelegate.swift; sourceTree = "<group>"; };
		25F0574625C4A84900C8C855 /* ViewController.swift */ = {isa = PBXFileReference; lastKnownFileType = sourcecode.swift; path = ViewController.swift; sourceTree = "<group>"; };
		25F0574925C4A84900C8C855 /* Base */ = {isa = PBXFileReference; lastKnownFileType = file.storyboard; name = Base; path = Base.lproj/Main.storyboard; sourceTree = "<group>"; };
		25F0574B25C4A84B00C8C855 /* Assets.xcassets */ = {isa = PBXFileReference; lastKnownFileType = folder.assetcatalog; path = Assets.xcassets; sourceTree = "<group>"; };
		25F0574E25C4A84B00C8C855 /* Base */ = {isa = PBXFileReference; lastKnownFileType = file.storyboard; name = Base; path = Base.lproj/LaunchScreen.storyboard; sourceTree = "<group>"; };
		25F0575025C4A84B00C8C855 /* Info.plist */ = {isa = PBXFileReference; lastKnownFileType = text.plist.xml; path = Info.plist; sourceTree = "<group>"; };
		25F0575525C4A84B00C8C855 /* PreworkTests.xctest */ = {isa = PBXFileReference; explicitFileType = wrapper.cfbundle; includeInIndex = 0; path = PreworkTests.xctest; sourceTree = BUILT_PRODUCTS_DIR; };
		25F0575925C4A84B00C8C855 /* PreworkTests.swift */ = {isa = PBXFileReference; lastKnownFileType = sourcecode.swift; path = PreworkTests.swift; sourceTree = "<group>"; };
		25F0575B25C4A84B00C8C855 /* Info.plist */ = {isa = PBXFileReference; lastKnownFileType = text.plist.xml; path = Info.plist; sourceTree = "<group>"; };
		25F0576025C4A84B00C8C855 /* PreworkUITests.xctest */ = {isa = PBXFileReference; explicitFileType = wrapper.cfbundle; includeInIndex = 0; path = PreworkUITests.xctest; sourceTree = BUILT_PRODUCTS_DIR; };
		25F0576425C4A84B00C8C855 /* PreworkUITests.swift */ = {isa = PBXFileReference; lastKnownFileType = sourcecode.swift; path = PreworkUITests.swift; sourceTree = "<group>"; };
		25F0576625C4A84B00C8C855 /* Info.plist */ = {isa = PBXFileReference; lastKnownFileType = text.plist.xml; path = Info.plist; sourceTree = "<group>"; };
/* End PBXFileReference section */

/* Begin PBXFrameworksBuildPhase section */
		25F0573C25C4A84800C8C855 /* Frameworks */ = {
			isa = PBXFrameworksBuildPhase;
			buildActionMask = 2147483647;
			files = (
			);
			runOnlyForDeploymentPostprocessing = 0;
		};
		25F0575225C4A84B00C8C855 /* Frameworks */ = {
			isa = PBXFrameworksBuildPhase;
			buildActionMask = 2147483647;
			files = (
			);
			runOnlyForDeploymentPostprocessing = 0;
		};
		25F0575D25C4A84B00C8C855 /* Frameworks */ = {
			isa = PBXFrameworksBuildPhase;
			buildActionMask = 2147483647;
			files = (
			);
			runOnlyForDeploymentPostprocessing = 0;
		};
/* End PBXFrameworksBuildPhase section */

/* Begin PBXGroup section */
		25F0573625C4A84800C8C855 = {
			isa = PBXGroup;
			children = (
				25F0574125C4A84800C8C855 /* Prework */,
				25F0575825C4A84B00C8C855 /* PreworkTests */,
				25F0576325C4A84B00C8C855 /* PreworkUITests */,
				25F0574025C4A84800C8C855 /* Products */,
			);
			sourceTree = "<group>";
		};
		25F0574025C4A84800C8C855 /* Products */ = {
			isa = PBXGroup;
			children = (
				25F0573F25C4A84800C8C855 /* Prework.app */,
				25F0575525C4A84B00C8C855 /* PreworkTests.xctest */,
				25F0576025C4A84B00C8C855 /* PreworkUITests.xctest */,
			);
			name = Products;
			sourceTree = "<group>";
		};
		25F0574125C4A84800C8C855 /* Prework */ = {
			isa = PBXGroup;
			children = (
				25F0574225C4A84900C8C855 /* AppDelegate.swift */,
				25F0574425C4A84900C8C855 /* SceneDelegate.swift */,
				25F0574625C4A84900C8C855 /* ViewController.swift */,
				25F0574825C4A84900C8C855 /* Main.storyboard */,
				25F0574B25C4A84B00C8C855 /* Assets.xcassets */,
				25F0574D25C4A84B00C8C855 /* LaunchScreen.storyboard */,
				25F0575025C4A84B00C8C855 /* Info.plist */,
			);
			path = Prework;
			sourceTree = "<group>";
		};
		25F0575825C4A84B00C8C855 /* PreworkTests */ = {
			isa = PBXGroup;
			children = (
				25F0575925C4A84B00C8C855 /* PreworkTests.swift */,
				25F0575B25C4A84B00C8C855 /* Info.plist */,
			);
			path = PreworkTests;
			sourceTree = "<group>";
		};
		25F0576325C4A84B00C8C855 /* PreworkUITests */ = {
			isa = PBXGroup;
			children = (
				25F0576425C4A84B00C8C855 /* PreworkUITests.swift */,
				25F0576625C4A84B00C8C855 /* Info.plist */,
			);
			path = PreworkUITests;
			sourceTree = "<group>";
		};
/* End PBXGroup section */

/* Begin PBXNativeTarget section */
		25F0573E25C4A84800C8C855 /* Prework */ = {
			isa = PBXNativeTarget;
			buildConfigurationList = 25F0576925C4A84B00C8C855 /* Build configuration list for PBXNativeTarget "Prework" */;
			buildPhases = (
				25F0573B25C4A84800C8C855 /* Sources */,
				25F0573C25C4A84800C8C855 /* Frameworks */,
				25F0573D25C4A84800C8C855 /* Resources */,
			);
			buildRules = (
			);
			dependencies = (
			);
			name = Prework;
			productName = Prework;
			productReference = 25F0573F25C4A84800C8C855 /* Prework.app */;
			productType = "com.apple.product-type.application";
		};
		25F0575425C4A84B00C8C855 /* PreworkTests */ = {
			isa = PBXNativeTarget;
			buildConfigurationList = 25F0576C25C4A84B00C8C855 /* Build configuration list for PBXNativeTarget "PreworkTests" */;
			buildPhases = (
				25F0575125C4A84B00C8C855 /* Sources */,
				25F0575225C4A84B00C8C855 /* Frameworks */,
				25F0575325C4A84B00C8C855 /* Resources */,
			);
			buildRules = (
			);
			dependencies = (
				25F0575725C4A84B00C8C855 /* PBXTargetDependency */,
			);
			name = PreworkTests;
			productName = PreworkTests;
			productReference = 25F0575525C4A84B00C8C855 /* PreworkTests.xctest */;
			productType = "com.apple.product-type.bundle.unit-test";
		};
		25F0575F25C4A84B00C8C855 /* PreworkUITests */ = {
			isa = PBXNativeTarget;
			buildConfigurationList = 25F0576F25C4A84B00C8C855 /* Build configuration list for PBXNativeTarget "PreworkUITests" */;
			buildPhases = (
				25F0575C25C4A84B00C8C855 /* Sources */,
				25F0575D25C4A84B00C8C855 /* Frameworks */,
				25F0575E25C4A84B00C8C855 /* Resources */,
			);
			buildRules = (
			);
			dependencies = (
				25F0576225C4A84B00C8C855 /* PBXTargetDependency */,
			);
			name = PreworkUITests;
			productName = PreworkUITests;
			productReference = 25F0576025C4A84B00C8C855 /* PreworkUITests.xctest */;
			productType = "com.apple.product-type.bundle.ui-testing";
		};
/* End PBXNativeTarget section */

/* Begin PBXProject section */
		25F0573725C4A84800C8C855 /* Project object */ = {
			isa = PBXProject;
			attributes = {
				LastSwiftUpdateCheck = 1130;
				LastUpgradeCheck = 1130;
				ORGANIZATIONNAME = "Maisa Ahmad";
				TargetAttributes = {
					25F0573E25C4A84800C8C855 = {
						CreatedOnToolsVersion = 11.3;
					};
					25F0575425C4A84B00C8C855 = {
						CreatedOnToolsVersion = 11.3;
						TestTargetID = 25F0573E25C4A84800C8C855;
					};
					25F0575F25C4A84B00C8C855 = {
						CreatedOnToolsVersion = 11.3;
						TestTargetID = 25F0573E25C4A84800C8C855;
					};
				};
			};
			buildConfigurationList = 25F0573A25C4A84800C8C855 /* Build configuration list for PBXProject "Prework" */;
			compatibilityVersion = "Xcode 9.3";
			developmentRegion = en;
			hasScannedForEncodings = 0;
			knownRegions = (
				en,
				Base,
			);
			mainGroup = 25F0573625C4A84800C8C855;
			productRefGroup = 25F0574025C4A84800C8C855 /* Products */;
			projectDirPath = "";
			projectRoot = "";
			targets = (
				25F0573E25C4A84800C8C855 /* Prework */,
				25F0575425C4A84B00C8C855 /* PreworkTests */,
				25F0575F25C4A84B00C8C855 /* PreworkUITests */,
			);
		};
/* End PBXProject section */

/* Begin PBXResourcesBuildPhase section */
		25F0573D25C4A84800C8C855 /* Resources */ = {
			isa = PBXResourcesBuildPhase;
			buildActionMask = 2147483647;
			files = (
				25F0574F25C4A84B00C8C855 /* LaunchScreen.storyboard in Resources */,
				25F0574C25C4A84B00C8C855 /* Assets.xcassets in Resources */,
				25F0574A25C4A84900C8C855 /* Main.storyboard in Resources */,
			);
			runOnlyForDeploymentPostprocessing = 0;
		};
		25F0575325C4A84B00C8C855 /* Resources */ = {
			isa = PBXResourcesBuildPhase;
			buildActionMask = 2147483647;
			files = (
			);
			runOnlyForDeploymentPostprocessing = 0;
		};
		25F0575E25C4A84B00C8C855 /* Resources */ = {
			isa = PBXResourcesBuildPhase;
			buildActionMask = 2147483647;
			files = (
			);
			runOnlyForDeploymentPostprocessing = 0;
		};
/* End PBXResourcesBuildPhase section */

/* Begin PBXSourcesBuildPhase section */
		25F0573B25C4A84800C8C855 /* Sources */ = {
			isa = PBXSourcesBuildPhase;
			buildActionMask = 2147483647;
			files = (
				25F0574725C4A84900C8C855 /* ViewController.swift in Sources */,
				25F0574325C4A84900C8C855 /* AppDelegate.swift in Sources */,
				25F0574525C4A84900C8C855 /* SceneDelegate.swift in Sources */,
			);
			runOnlyForDeploymentPostprocessing = 0;
		};
		25F0575125C4A84B00C8C855 /* Sources */ = {
			isa = PBXSourcesBuildPhase;
			buildActionMask = 2147483647;
			files = (
				25F0575A25C4A84B00C8C855 /* PreworkTests.swift in Sources */,
			);
			runOnlyForDeploymentPostprocessing = 0;
		};
		25F0575C25C4A84B00C8C855 /* Sources */ = {
			isa = PBXSourcesBuildPhase;
			buildActionMask = 2147483647;
			files = (
				25F0576525C4A84B00C8C855 /* PreworkUITests.swift in Sources */,
			);
			runOnlyForDeploymentPostprocessing = 0;
		};
/* End PBXSourcesBuildPhase section */

/* Begin PBXTargetDependency section */
		25F0575725C4A84B00C8C855 /* PBXTargetDependency */ = {
			isa = PBXTargetDependency;
			target = 25F0573E25C4A84800C8C855 /* Prework */;
			targetProxy = 25F0575625C4A84B00C8C855 /* PBXContainerItemProxy */;
		};
		25F0576225C4A84B00C8C855 /* PBXTargetDependency */ = {
			isa = PBXTargetDependency;
			target = 25F0573E25C4A84800C8C855 /* Prework */;
			targetProxy = 25F0576125C4A84B00C8C855 /* PBXContainerItemProxy */;
		};
/* End PBXTargetDependency section */

/* Begin PBXVariantGroup section */
		25F0574825C4A84900C8C855 /* Main.storyboard */ = {
			isa = PBXVariantGroup;
			children = (
				25F0574925C4A84900C8C855 /* Base */,
			);
			name = Main.storyboard;
			sourceTree = "<group>";
		};
		25F0574D25C4A84B00C8C855 /* LaunchScreen.storyboard */ = {
			isa = PBXVariantGroup;
			children = (
				25F0574E25C4A84B00C8C855 /* Base */,
			);
			name = LaunchScreen.storyboard;
			sourceTree = "<group>";
		};
/* End PBXVariantGroup section */

/* Begin XCBuildConfiguration section */
		25F0576725C4A84B00C8C855 /* Debug */ = {
			isa = XCBuildConfiguration;
			buildSettings = {
				ALWAYS_SEARCH_USER_PATHS = NO;
				CLANG_ANALYZER_NONNULL = YES;
				CLANG_ANALYZER_NUMBER_OBJECT_CONVERSION = YES_AGGRESSIVE;
				CLANG_CXX_LANGUAGE_STANDARD = "gnu++14";
				CLANG_CXX_LIBRARY = "libc++";
				CLANG_ENABLE_MODULES = YES;
				CLANG_ENABLE_OBJC_ARC = YES;
				CLANG_ENABLE_OBJC_WEAK = YES;
				CLANG_WARN_BLOCK_CAPTURE_AUTORELEASING = YES;
				CLANG_WARN_BOOL_CONVERSION = YES;
				CLANG_WARN_COMMA = YES;
				CLANG_WARN_CONSTANT_CONVERSION = YES;
				CLANG_WARN_DEPRECATED_OBJC_IMPLEMENTATIONS = YES;
				CLANG_WARN_DIRECT_OBJC_ISA_USAGE = YES_ERROR;
				CLANG_WARN_DOCUMENTATION_COMMENTS = YES;
				CLANG_WARN_EMPTY_BODY = YES;
				CLANG_WARN_ENUM_CONVERSION = YES;
				CLANG_WARN_INFINITE_RECURSION = YES;
				CLANG_WARN_INT_CONVERSION = YES;
				CLANG_WARN_NON_LITERAL_NULL_CONVERSION = YES;
				CLANG_WARN_OBJC_IMPLICIT_RETAIN_SELF = YES;
				CLANG_WARN_OBJC_LITERAL_CONVERSION = YES;
				CLANG_WARN_OBJC_ROOT_CLASS = YES_ERROR;
				CLANG_WARN_RANGE_LOOP_ANALYSIS = YES;
				CLANG_WARN_STRICT_PROTOTYPES = YES;
				CLANG_WARN_SUSPICIOUS_MOVE = YES;
				CLANG_WARN_UNGUARDED_AVAILABILITY = YES_AGGRESSIVE;
				CLANG_WARN_UNREACHABLE_CODE = YES;
				CLANG_WARN__DUPLICATE_METHOD_MATCH = YES;
				COPY_PHASE_STRIP = NO;
				DEBUG_INFORMATION_FORMAT = dwarf;
				ENABLE_STRICT_OBJC_MSGSEND = YES;
				ENABLE_TESTABILITY = YES;
				GCC_C_LANGUAGE_STANDARD = gnu11;
				GCC_DYNAMIC_NO_PIC = NO;
				GCC_NO_COMMON_BLOCKS = YES;
				GCC_OPTIMIZATION_LEVEL = 0;
				GCC_PREPROCESSOR_DEFINITIONS = (
					"DEBUG=1",
					"$(inherited)",
				);
				GCC_WARN_64_TO_32_BIT_CONVERSION = YES;
				GCC_WARN_ABOUT_RETURN_TYPE = YES_ERROR;
				GCC_WARN_UNDECLARED_SELECTOR = YES;
				GCC_WARN_UNINITIALIZED_AUTOS = YES_AGGRESSIVE;
				GCC_WARN_UNUSED_FUNCTION = YES;
				GCC_WARN_UNUSED_VARIABLE = YES;
				IPHONEOS_DEPLOYMENT_TARGET = 13.2;
				MTL_ENABLE_DEBUG_INFO = INCLUDE_SOURCE;
				MTL_FAST_MATH = YES;
				ONLY_ACTIVE_ARCH = YES;
				SDKROOT = iphoneos;
				SWIFT_ACTIVE_COMPILATION_CONDITIONS = DEBUG;
				SWIFT_OPTIMIZATION_LEVEL = "-Onone";
			};
			name = Debug;
		};
		25F0576825C4A84B00C8C855 /* Release */ = {
			isa = XCBuildConfiguration;
			buildSettings = {
				ALWAYS_SEARCH_USER_PATHS = NO;
				CLANG_ANALYZER_NONNULL = YES;
				CLANG_ANALYZER_NUMBER_OBJECT_CONVERSION = YES_AGGRESSIVE;
				CLANG_CXX_LANGUAGE_STANDARD = "gnu++14";
				CLANG_CXX_LIBRARY = "libc++";
				CLANG_ENABLE_MODULES = YES;
				CLANG_ENABLE_OBJC_ARC = YES;
				CLANG_ENABLE_OBJC_WEAK = YES;
				CLANG_WARN_BLOCK_CAPTURE_AUTORELEASING = YES;
				CLANG_WARN_BOOL_CONVERSION = YES;
				CLANG_WARN_COMMA = YES;
				CLANG_WARN_CONSTANT_CONVERSION = YES;
				CLANG_WARN_DEPRECATED_OBJC_IMPLEMENTATIONS = YES;
				CLANG_WARN_DIRECT_OBJC_ISA_USAGE = YES_ERROR;
				CLANG_WARN_DOCUMENTATION_COMMENTS = YES;
				CLANG_WARN_EMPTY_BODY = YES;
				CLANG_WARN_ENUM_CONVERSION = YES;
				CLANG_WARN_INFINITE_RECURSION = YES;
				CLANG_WARN_INT_CONVERSION = YES;
				CLANG_WARN_NON_LITERAL_NULL_CONVERSION = YES;
				CLANG_WARN_OBJC_IMPLICIT_RETAIN_SELF = YES;
				CLANG_WARN_OBJC_LITERAL_CONVERSION = YES;
				CLANG_WARN_OBJC_ROOT_CLASS = YES_ERROR;
				CLANG_WARN_RANGE_LOOP_ANALYSIS = YES;
				CLANG_WARN_STRICT_PROTOTYPES = YES;
				CLANG_WARN_SUSPICIOUS_MOVE = YES;
				CLANG_WARN_UNGUARDED_AVAILABILITY = YES_AGGRESSIVE;
				CLANG_WARN_UNREACHABLE_CODE = YES;
				CLANG_WARN__DUPLICATE_METHOD_MATCH = YES;
				COPY_PHASE_STRIP = NO;
				DEBUG_INFORMATION_FORMAT = "dwarf-with-dsym";
				ENABLE_NS_ASSERTIONS = NO;
				ENABLE_STRICT_OBJC_MSGSEND = YES;
				GCC_C_LANGUAGE_STANDARD = gnu11;
				GCC_NO_COMMON_BLOCKS = YES;
				GCC_WARN_64_TO_32_BIT_CONVERSION = YES;
				GCC_WARN_ABOUT_RETURN_TYPE = YES_ERROR;
				GCC_WARN_UNDECLARED_SELECTOR = YES;
				GCC_WARN_UNINITIALIZED_AUTOS = YES_AGGRESSIVE;
				GCC_WARN_UNUSED_FUNCTION = YES;
				GCC_WARN_UNUSED_VARIABLE = YES;
				IPHONEOS_DEPLOYMENT_TARGET = 13.2;
				MTL_ENABLE_DEBUG_INFO = NO;
				MTL_FAST_MATH = YES;
				SDKROOT = iphoneos;
				SWIFT_COMPILATION_MODE = wholemodule;
				SWIFT_OPTIMIZATION_LEVEL = "-O";
				VALIDATE_PRODUCT = YES;
			};
			name = Release;
		};
		25F0576A25C4A84B00C8C855 /* Debug */ = {
			isa = XCBuildConfiguration;
			buildSettings = {
				ASSETCATALOG_COMPILER_APPICON_NAME = AppIcon;
				CODE_SIGN_STYLE = Automatic;
				DEVELOPMENT_TEAM = 29DVX634KM;
				INFOPLIST_FILE = Prework/Info.plist;
				LD_RUNPATH_SEARCH_PATHS = (
					"$(inherited)",
					"@executable_path/Frameworks",
				);
				PRODUCT_BUNDLE_IDENTIFIER = Maisa.Prework;
				PRODUCT_NAME = "$(TARGET_NAME)";
				SWIFT_VERSION = 5.0;
				TARGETED_DEVICE_FAMILY = "1,2";
			};
			name = Debug;
		};
		25F0576B25C4A84B00C8C855 /* Release */ = {
			isa = XCBuildConfiguration;
			buildSettings = {
				ASSETCATALOG_COMPILER_APPICON_NAME = AppIcon;
				CODE_SIGN_STYLE = Automatic;
				DEVELOPMENT_TEAM = 29DVX634KM;
				INFOPLIST_FILE = Prework/Info.plist;
				LD_RUNPATH_SEARCH_PATHS = (
					"$(inherited)",
					"@executable_path/Frameworks",
				);
				PRODUCT_BUNDLE_IDENTIFIER = Maisa.Prework;
				PRODUCT_NAME = "$(TARGET_NAME)";
				SWIFT_VERSION = 5.0;
				TARGETED_DEVICE_FAMILY = "1,2";
			};
			name = Release;
		};
		25F0576D25C4A84B00C8C855 /* Debug */ = {
			isa = XCBuildConfiguration;
			buildSettings = {
				ALWAYS_EMBED_SWIFT_STANDARD_LIBRARIES = YES;
				BUNDLE_LOADER = "$(TEST_HOST)";
				CODE_SIGN_STYLE = Automatic;
				DEVELOPMENT_TEAM = 29DVX634KM;
				INFOPLIST_FILE = PreworkTests/Info.plist;
				IPHONEOS_DEPLOYMENT_TARGET = 13.2;
				LD_RUNPATH_SEARCH_PATHS = (
					"$(inherited)",
					"@executable_path/Frameworks",
					"@loader_path/Frameworks",
				);
				PRODUCT_BUNDLE_IDENTIFIER = Maisa.PreworkTests;
				PRODUCT_NAME = "$(TARGET_NAME)";
				SWIFT_VERSION = 5.0;
				TARGETED_DEVICE_FAMILY = "1,2";
				TEST_HOST = "$(BUILT_PRODUCTS_DIR)/Prework.app/Prework";
			};
			name = Debug;
		};
		25F0576E25C4A84B00C8C855 /* Release */ = {
			isa = XCBuildConfiguration;
			buildSettings = {
				ALWAYS_EMBED_SWIFT_STANDARD_LIBRARIES = YES;
				BUNDLE_LOADER = "$(TEST_HOST)";
				CODE_SIGN_STYLE = Automatic;
				DEVELOPMENT_TEAM = 29DVX634KM;
				INFOPLIST_FILE = PreworkTests/Info.plist;
				IPHONEOS_DEPLOYMENT_TARGET = 13.2;
				LD_RUNPATH_SEARCH_PATHS = (
					"$(inherited)",
					"@executable_path/Frameworks",
					"@loader_path/Frameworks",
				);
				PRODUCT_BUNDLE_IDENTIFIER = Maisa.PreworkTests;
				PRODUCT_NAME = "$(TARGET_NAME)";
				SWIFT_VERSION = 5.0;
				TARGETED_DEVICE_FAMILY = "1,2";
				TEST_HOST = "$(BUILT_PRODUCTS_DIR)/Prework.app/Prework";
			};
			name = Release;
		};
		25F0577025C4A84B00C8C855 /* Debug */ = {
			isa = XCBuildConfiguration;
			buildSettings = {
				ALWAYS_EMBED_SWIFT_STANDARD_LIBRARIES = YES;
				CODE_SIGN_STYLE = Automatic;
				DEVELOPMENT_TEAM = 29DVX634KM;
				INFOPLIST_FILE = PreworkUITests/Info.plist;
				LD_RUNPATH_SEARCH_PATHS = (
					"$(inherited)",
					"@executable_path/Frameworks",
					"@loader_path/Frameworks",
				);
				PRODUCT_BUNDLE_IDENTIFIER = Maisa.PreworkUITests;
				PRODUCT_NAME = "$(TARGET_NAME)";
				SWIFT_VERSION = 5.0;
				TARGETED_DEVICE_FAMILY = "1,2";
				TEST_TARGET_NAME = Prework;
			};
			name = Debug;
		};
		25F0577125C4A84B00C8C855 /* Release */ = {
			isa = XCBuildConfiguration;
			buildSettings = {
				ALWAYS_EMBED_SWIFT_STANDARD_LIBRARIES = YES;
				CODE_SIGN_STYLE = Automatic;
				DEVELOPMENT_TEAM = 29DVX634KM;
				INFOPLIST_FILE = PreworkUITests/Info.plist;
				LD_RUNPATH_SEARCH_PATHS = (
					"$(inherited)",
					"@executable_path/Frameworks",
					"@loader_path/Frameworks",
				);
				PRODUCT_BUNDLE_IDENTIFIER = Maisa.PreworkUITests;
				PRODUCT_NAME = "$(TARGET_NAME)";
				SWIFT_VERSION = 5.0;
				TARGETED_DEVICE_FAMILY = "1,2";
				TEST_TARGET_NAME = Prework;
			};
			name = Release;
		};
/* End XCBuildConfiguration section */

/* Begin XCConfigurationList section */
		25F0573A25C4A84800C8C855 /* Build configuration list for PBXProject "Prework" */ = {
			isa = XCConfigurationList;
			buildConfigurations = (
				25F0576725C4A84B00C8C855 /* Debug */,
				25F0576825C4A84B00C8C855 /* Release */,
			);
			defaultConfigurationIsVisible = 0;
			defaultConfigurationName = Release;
		};
		25F0576925C4A84B00C8C855 /* Build configuration list for PBXNativeTarget "Prework" */ = {
			isa = XCConfigurationList;
			buildConfigurations = (
				25F0576A25C4A84B00C8C855 /* Debug */,
				25F0576B25C4A84B00C8C855 /* Release */,
			);
			defaultConfigurationIsVisible = 0;
			defaultConfigurationName = Release;
		};
		25F0576C25C4A84B00C8C855 /* Build configuration list for PBXNativeTarget "PreworkTests" */ = {
			isa = XCConfigurationList;
			buildConfigurations = (
				25F0576D25C4A84B00C8C855 /* Debug */,
				25F0576E25C4A84B00C8C855 /* Release */,
			);
			defaultConfigurationIsVisible = 0;
			defaultConfigurationName = Release;
		};
		25F0576F25C4A84B00C8C855 /* Build configuration list for PBXNativeTarget "PreworkUITests" */ = {
			isa = XCConfigurationList;
			buildConfigurations = (
				25F0577025C4A84B00C8C855 /* Debug */,
				25F0577125C4A84B00C8C855 /* Release */,
			);
			defaultConfigurationIsVisible = 0;
			defaultConfigurationName = Release;
		};
/* End XCConfigurationList section */
	};
	rootObject = 25F0573725C4A84800C8C855 /* Project object */;
}
